// !$*UTF8*$!
{
	archiveVersion = 1;
	classes = {
	};
	objectVersion = 46;
	objects = {

/* Begin PBXBuildFile section */
		D41FC36E1CCBFACE00DA5909 /* aspirations_winery_logo.png in Resources */ = {isa = PBXBuildFile; fileRef = D41FC36D1CCBFACE00DA5909 /* aspirations_winery_logo.png */; };
		D41FC3701CCBFE6C00DA5909 /* about_wine_crush.png in Resources */ = {isa = PBXBuildFile; fileRef = D41FC36F1CCBFE6C00DA5909 /* about_wine_crush.png */; };
		D4552DD31C8234A900F003D0 /* AppDelegate.swift in Sources */ = {isa = PBXBuildFile; fileRef = D4552DD21C8234A900F003D0 /* AppDelegate.swift */; };
		D4552DD81C8234A900F003D0 /* Main.storyboard in Resources */ = {isa = PBXBuildFile; fileRef = D4552DD61C8234A900F003D0 /* Main.storyboard */; };
		D4552DDD1C8234A900F003D0 /* LaunchScreen.storyboard in Resources */ = {isa = PBXBuildFile; fileRef = D4552DDB1C8234A900F003D0 /* LaunchScreen.storyboard */; };
		D4552DE51C82363000F003D0 /* Array2D.swift in Sources */ = {isa = PBXBuildFile; fileRef = D4552DE41C82363000F003D0 /* Array2D.swift */; };
		D4552DE71C82363900F003D0 /* Chain.swift in Sources */ = {isa = PBXBuildFile; fileRef = D4552DE61C82363900F003D0 /* Chain.swift */; };
		D4552DE91C82364100F003D0 /* Cookie.swift in Sources */ = {isa = PBXBuildFile; fileRef = D4552DE81C82364100F003D0 /* Cookie.swift */; };
		D4552DEB1C82364A00F003D0 /* Extensions.swift in Sources */ = {isa = PBXBuildFile; fileRef = D4552DEA1C82364A00F003D0 /* Extensions.swift */; };
		D4552DED1C82365500F003D0 /* GameScene.swift in Sources */ = {isa = PBXBuildFile; fileRef = D4552DEC1C82365500F003D0 /* GameScene.swift */; };
		D4552DEF1C82366100F003D0 /* GameViewController.swift in Sources */ = {isa = PBXBuildFile; fileRef = D4552DEE1C82366100F003D0 /* GameViewController.swift */; };
		D4552DF11C82366B00F003D0 /* Level.swift in Sources */ = {isa = PBXBuildFile; fileRef = D4552DF01C82366B00F003D0 /* Level.swift */; };
		D4552DF31C82369900F003D0 /* Swap.swift in Sources */ = {isa = PBXBuildFile; fileRef = D4552DF21C82369900F003D0 /* Swap.swift */; };
		D4552DF51C8236A300F003D0 /* Tile.swift in Sources */ = {isa = PBXBuildFile; fileRef = D4552DF41C8236A300F003D0 /* Tile.swift */; };
		D4552DF91C82375F00F003D0 /* Grid.atlas in Resources */ = {isa = PBXBuildFile; fileRef = D4552DF61C82375F00F003D0 /* Grid.atlas */; };
		D4552DFA1C82375F00F003D0 /* Sprites.atlas in Resources */ = {isa = PBXBuildFile; fileRef = D4552DF71C82375F00F003D0 /* Sprites.atlas */; };
		D4552E191C82379500F003D0 /* Level_1.json in Resources */ = {isa = PBXBuildFile; fileRef = D4552DFD1C82379500F003D0 /* Level_1.json */; };
		D4552E1A1C82379500F003D0 /* Level_10.json in Resources */ = {isa = PBXBuildFile; fileRef = D4552DFE1C82379500F003D0 /* Level_10.json */; };
		D4552E1B1C82379500F003D0 /* Level_11.json in Resources */ = {isa = PBXBuildFile; fileRef = D4552DFF1C82379500F003D0 /* Level_11.json */; };
		D4552E1C1C82379500F003D0 /* Level_12.json in Resources */ = {isa = PBXBuildFile; fileRef = D4552E001C82379500F003D0 /* Level_12.json */; };
		D4552E1D1C82379500F003D0 /* Level_13.json in Resources */ = {isa = PBXBuildFile; fileRef = D4552E011C82379500F003D0 /* Level_13.json */; };
		D4552E1E1C82379500F003D0 /* Level_14.json in Resources */ = {isa = PBXBuildFile; fileRef = D4552E021C82379500F003D0 /* Level_14.json */; };
		D4552E1F1C82379500F003D0 /* Level_15.json in Resources */ = {isa = PBXBuildFile; fileRef = D4552E031C82379500F003D0 /* Level_15.json */; };
		D4552E201C82379500F003D0 /* Level_16.json in Resources */ = {isa = PBXBuildFile; fileRef = D4552E041C82379500F003D0 /* Level_16.json */; };
		D4552E211C82379500F003D0 /* Level_17.json in Resources */ = {isa = PBXBuildFile; fileRef = D4552E051C82379500F003D0 /* Level_17.json */; };
		D4552E221C82379500F003D0 /* Level_18.json in Resources */ = {isa = PBXBuildFile; fileRef = D4552E061C82379500F003D0 /* Level_18.json */; };
		D4552E231C82379500F003D0 /* Level_19.json in Resources */ = {isa = PBXBuildFile; fileRef = D4552E071C82379500F003D0 /* Level_19.json */; };
		D4552E241C82379500F003D0 /* Level_2.json in Resources */ = {isa = PBXBuildFile; fileRef = D4552E081C82379500F003D0 /* Level_2.json */; };
		D4552E251C82379500F003D0 /* Level_20.json in Resources */ = {isa = PBXBuildFile; fileRef = D4552E091C82379500F003D0 /* Level_20.json */; };
		D4552E261C82379500F003D0 /* Level_3.json in Resources */ = {isa = PBXBuildFile; fileRef = D4552E0A1C82379500F003D0 /* Level_3.json */; };
		D4552E271C82379500F003D0 /* Level_4.json in Resources */ = {isa = PBXBuildFile; fileRef = D4552E0B1C82379500F003D0 /* Level_4.json */; };
		D4552E281C82379500F003D0 /* Level_5.json in Resources */ = {isa = PBXBuildFile; fileRef = D4552E0C1C82379500F003D0 /* Level_5.json */; };
		D4552E291C82379500F003D0 /* Level_6.json in Resources */ = {isa = PBXBuildFile; fileRef = D4552E0D1C82379500F003D0 /* Level_6.json */; };
		D4552E2A1C82379500F003D0 /* Level_7.json in Resources */ = {isa = PBXBuildFile; fileRef = D4552E0E1C82379500F003D0 /* Level_7.json */; };
		D4552E2B1C82379500F003D0 /* Level_8.json in Resources */ = {isa = PBXBuildFile; fileRef = D4552E0F1C82379500F003D0 /* Level_8.json */; };
		D4552E2C1C82379500F003D0 /* Level_9.json in Resources */ = {isa = PBXBuildFile; fileRef = D4552E101C82379500F003D0 /* Level_9.json */; };
		D4552E2D1C82379500F003D0 /* Chomp.wav in Resources */ = {isa = PBXBuildFile; fileRef = D4552E121C82379500F003D0 /* Chomp.wav */; };
		D4552E2E1C82379500F003D0 /* Clink.mp3 in Resources */ = {isa = PBXBuildFile; fileRef = D4552E131C82379500F003D0 /* Clink.mp3 */; };
		D4552E2F1C82379500F003D0 /* Drip.wav in Resources */ = {isa = PBXBuildFile; fileRef = D4552E141C82379500F003D0 /* Drip.wav */; };
		D4552E301C82379500F003D0 /* Error.wav in Resources */ = {isa = PBXBuildFile; fileRef = D4552E151C82379500F003D0 /* Error.wav */; };
		D4552E311C82379500F003D0 /* Ka-Ching.wav in Resources */ = {isa = PBXBuildFile; fileRef = D4552E161C82379500F003D0 /* Ka-Ching.wav */; };
		D4552E321C82379500F003D0 /* Mining by Moonlight.mp3 in Resources */ = {isa = PBXBuildFile; fileRef = D4552E171C82379500F003D0 /* Mining by Moonlight.mp3 */; };
		D4552E331C82379500F003D0 /* Scrape.wav in Resources */ = {isa = PBXBuildFile; fileRef = D4552E181C82379500F003D0 /* Scrape.wav */; };
		D476AE681CCC134A00B7E884 /* vertical_match_example.gif in Resources */ = {isa = PBXBuildFile; fileRef = D476AE661CCC134A00B7E884 /* vertical_match_example.gif */; };
		D476AE691CCC134A00B7E884 /* horizontal_match_example.gif in Resources */ = {isa = PBXBuildFile; fileRef = D476AE671CCC134A00B7E884 /* horizontal_match_example.gif */; };
		D476AE6B1CCC16F600B7E884 /* moves_left_target_explained.png in Resources */ = {isa = PBXBuildFile; fileRef = D476AE6A1CCC16F600B7E884 /* moves_left_target_explained.png */; };
		D476AE6F1CCC1A4400B7E884 /* quit_button.png in Resources */ = {isa = PBXBuildFile; fileRef = D476AE6C1CCC1A4400B7E884 /* quit_button.png */; };
		D476AE701CCC1A4400B7E884 /* hint_button.png in Resources */ = {isa = PBXBuildFile; fileRef = D476AE6D1CCC1A4400B7E884 /* hint_button.png */; };
		D476AE711CCC1A4400B7E884 /* shuffle_button.png in Resources */ = {isa = PBXBuildFile; fileRef = D476AE6E1CCC1A4400B7E884 /* shuffle_button.png */; };
		D476AE731CCC73AB00B7E884 /* Level_28.json in Resources */ = {isa = PBXBuildFile; fileRef = D476AE721CCC73AB00B7E884 /* Level_28.json */; };
		D476AE751CCC758300B7E884 /* Level_29.json in Resources */ = {isa = PBXBuildFile; fileRef = D476AE741CCC758300B7E884 /* Level_29.json */; };
		D4DE45001C963EF900A6FD9F /* AboutViewController.swift in Sources */ = {isa = PBXBuildFile; fileRef = D4DE44FF1C963EF900A6FD9F /* AboutViewController.swift */; };
		D4DE45031C96426800A6FD9F /* about.html in Resources */ = {isa = PBXBuildFile; fileRef = D4DE45021C96426800A6FD9F /* about.html */; };
		D4FB7BB91C82A19600329EFD /* Images.xcassets in Resources */ = {isa = PBXBuildFile; fileRef = D4FB7BB81C82A19600329EFD /* Images.xcassets */; };
		D4FB7BBB1C82ABC000329EFD /* SwitchingViewController.swift in Sources */ = {isa = PBXBuildFile; fileRef = D4FB7BBA1C82ABC000329EFD /* SwitchingViewController.swift */; };
		D4FB7BBD1C82ABEA00329EFD /* StartViewController.swift in Sources */ = {isa = PBXBuildFile; fileRef = D4FB7BBC1C82ABEA00329EFD /* StartViewController.swift */; };
		D4FB7BBF1C84D38A00329EFD /* Level_21.json in Resources */ = {isa = PBXBuildFile; fileRef = D4FB7BBE1C84D38A00329EFD /* Level_21.json */; };
		D4FB7BC11C84D4E500329EFD /* Level_22.json in Resources */ = {isa = PBXBuildFile; fileRef = D4FB7BC01C84D4E500329EFD /* Level_22.json */; };
		D4FB7BC31C84D5A600329EFD /* Level_23.json in Resources */ = {isa = PBXBuildFile; fileRef = D4FB7BC21C84D5A600329EFD /* Level_23.json */; };
		D4FB7BC51C84D60F00329EFD /* Level_24.json in Resources */ = {isa = PBXBuildFile; fileRef = D4FB7BC41C84D60F00329EFD /* Level_24.json */; };
		D4FB7BC71C84D74500329EFD /* Level_25.json in Resources */ = {isa = PBXBuildFile; fileRef = D4FB7BC61C84D74500329EFD /* Level_25.json */; };
		D4FB7BC91C84D8B100329EFD /* Level_26.json in Resources */ = {isa = PBXBuildFile; fileRef = D4FB7BC81C84D8B100329EFD /* Level_26.json */; };
		D4FB7BCB1C85D81500329EFD /* Level_27.json in Resources */ = {isa = PBXBuildFile; fileRef = D4FB7BCA1C85D81500329EFD /* Level_27.json */; };
/* End PBXBuildFile section */

/* Begin PBXFileReference section */
		D41FC36D1CCBFACE00DA5909 /* aspirations_winery_logo.png */ = {isa = PBXFileReference; lastKnownFileType = image.png; path = aspirations_winery_logo.png; sourceTree = "<group>"; };
		D41FC36F1CCBFE6C00DA5909 /* about_wine_crush.png */ = {isa = PBXFileReference; lastKnownFileType = image.png; path = about_wine_crush.png; sourceTree = "<group>"; };
		D4552DCF1C8234A900F003D0 /* Wine Crush.app */ = {isa = PBXFileReference; explicitFileType = wrapper.application; includeInIndex = 0; path = "Wine Crush.app"; sourceTree = BUILT_PRODUCTS_DIR; };
		D4552DD21C8234A900F003D0 /* AppDelegate.swift */ = {isa = PBXFileReference; lastKnownFileType = sourcecode.swift; path = AppDelegate.swift; sourceTree = "<group>"; };
		D4552DD71C8234A900F003D0 /* Base */ = {isa = PBXFileReference; lastKnownFileType = file.storyboard; name = Base; path = Base.lproj/Main.storyboard; sourceTree = "<group>"; };
		D4552DDC1C8234A900F003D0 /* Base */ = {isa = PBXFileReference; lastKnownFileType = file.storyboard; name = Base; path = Base.lproj/LaunchScreen.storyboard; sourceTree = "<group>"; };
		D4552DDE1C8234A900F003D0 /* Info.plist */ = {isa = PBXFileReference; lastKnownFileType = text.plist.xml; path = Info.plist; sourceTree = "<group>"; };
		D4552DE41C82363000F003D0 /* Array2D.swift */ = {isa = PBXFileReference; fileEncoding = 4; lastKnownFileType = sourcecode.swift; path = Array2D.swift; sourceTree = "<group>"; };
		D4552DE61C82363900F003D0 /* Chain.swift */ = {isa = PBXFileReference; fileEncoding = 4; lastKnownFileType = sourcecode.swift; path = Chain.swift; sourceTree = "<group>"; };
		D4552DE81C82364100F003D0 /* Cookie.swift */ = {isa = PBXFileReference; fileEncoding = 4; lastKnownFileType = sourcecode.swift; path = Cookie.swift; sourceTree = "<group>"; };
		D4552DEA1C82364A00F003D0 /* Extensions.swift */ = {isa = PBXFileReference; fileEncoding = 4; lastKnownFileType = sourcecode.swift; path = Extensions.swift; sourceTree = "<group>"; };
		D4552DEC1C82365500F003D0 /* GameScene.swift */ = {isa = PBXFileReference; fileEncoding = 4; lastKnownFileType = sourcecode.swift; path = GameScene.swift; sourceTree = "<group>"; };
		D4552DEE1C82366100F003D0 /* GameViewController.swift */ = {isa = PBXFileReference; fileEncoding = 4; lastKnownFileType = sourcecode.swift; path = GameViewController.swift; sourceTree = "<group>"; };
		D4552DF01C82366B00F003D0 /* Level.swift */ = {isa = PBXFileReference; fileEncoding = 4; lastKnownFileType = sourcecode.swift; path = Level.swift; sourceTree = "<group>"; };
		D4552DF21C82369900F003D0 /* Swap.swift */ = {isa = PBXFileReference; fileEncoding = 4; lastKnownFileType = sourcecode.swift; path = Swap.swift; sourceTree = "<group>"; };
		D4552DF41C8236A300F003D0 /* Tile.swift */ = {isa = PBXFileReference; fileEncoding = 4; lastKnownFileType = sourcecode.swift; path = Tile.swift; sourceTree = "<group>"; };
		D4552DF61C82375F00F003D0 /* Grid.atlas */ = {isa = PBXFileReference; lastKnownFileType = folder.skatlas; path = Grid.atlas; sourceTree = "<group>"; };
		D4552DF71C82375F00F003D0 /* Sprites.atlas */ = {isa = PBXFileReference; lastKnownFileType = folder.skatlas; path = Sprites.atlas; sourceTree = "<group>"; };
		D4552DFD1C82379500F003D0 /* Level_1.json */ = {isa = PBXFileReference; fileEncoding = 4; lastKnownFileType = text.json; path = Level_1.json; sourceTree = "<group>"; };
		D4552DFE1C82379500F003D0 /* Level_10.json */ = {isa = PBXFileReference; fileEncoding = 4; lastKnownFileType = text.json; path = Level_10.json; sourceTree = "<group>"; };
		D4552DFF1C82379500F003D0 /* Level_11.json */ = {isa = PBXFileReference; fileEncoding = 4; lastKnownFileType = text.json; path = Level_11.json; sourceTree = "<group>"; };
		D4552E001C82379500F003D0 /* Level_12.json */ = {isa = PBXFileReference; fileEncoding = 4; lastKnownFileType = text.json; path = Level_12.json; sourceTree = "<group>"; };
		D4552E011C82379500F003D0 /* Level_13.json */ = {isa = PBXFileReference; fileEncoding = 4; lastKnownFileType = text.json; path = Level_13.json; sourceTree = "<group>"; };
		D4552E021C82379500F003D0 /* Level_14.json */ = {isa = PBXFileReference; fileEncoding = 4; lastKnownFileType = text.json; path = Level_14.json; sourceTree = "<group>"; };
		D4552E031C82379500F003D0 /* Level_15.json */ = {isa = PBXFileReference; fileEncoding = 4; lastKnownFileType = text.json; path = Level_15.json; sourceTree = "<group>"; };
		D4552E041C82379500F003D0 /* Level_16.json */ = {isa = PBXFileReference; fileEncoding = 4; lastKnownFileType = text.json; path = Level_16.json; sourceTree = "<group>"; };
		D4552E051C82379500F003D0 /* Level_17.json */ = {isa = PBXFileReference; fileEncoding = 4; lastKnownFileType = text.json; path = Level_17.json; sourceTree = "<group>"; };
		D4552E061C82379500F003D0 /* Level_18.json */ = {isa = PBXFileReference; fileEncoding = 4; lastKnownFileType = text.json; path = Level_18.json; sourceTree = "<group>"; };
		D4552E071C82379500F003D0 /* Level_19.json */ = {isa = PBXFileReference; fileEncoding = 4; lastKnownFileType = text.json; path = Level_19.json; sourceTree = "<group>"; };
		D4552E081C82379500F003D0 /* Level_2.json */ = {isa = PBXFileReference; fileEncoding = 4; lastKnownFileType = text.json; path = Level_2.json; sourceTree = "<group>"; };
		D4552E091C82379500F003D0 /* Level_20.json */ = {isa = PBXFileReference; fileEncoding = 4; lastKnownFileType = text.json; path = Level_20.json; sourceTree = "<group>"; };
		D4552E0A1C82379500F003D0 /* Level_3.json */ = {isa = PBXFileReference; fileEncoding = 4; lastKnownFileType = text.json; path = Level_3.json; sourceTree = "<group>"; };
		D4552E0B1C82379500F003D0 /* Level_4.json */ = {isa = PBXFileReference; fileEncoding = 4; lastKnownFileType = text.json; path = Level_4.json; sourceTree = "<group>"; };
		D4552E0C1C82379500F003D0 /* Level_5.json */ = {isa = PBXFileReference; fileEncoding = 4; lastKnownFileType = text.json; path = Level_5.json; sourceTree = "<group>"; };
		D4552E0D1C82379500F003D0 /* Level_6.json */ = {isa = PBXFileReference; fileEncoding = 4; lastKnownFileType = text.json; path = Level_6.json; sourceTree = "<group>"; };
		D4552E0E1C82379500F003D0 /* Level_7.json */ = {isa = PBXFileReference; fileEncoding = 4; lastKnownFileType = text.json; path = Level_7.json; sourceTree = "<group>"; };
		D4552E0F1C82379500F003D0 /* Level_8.json */ = {isa = PBXFileReference; fileEncoding = 4; lastKnownFileType = text.json; path = Level_8.json; sourceTree = "<group>"; };
		D4552E101C82379500F003D0 /* Level_9.json */ = {isa = PBXFileReference; fileEncoding = 4; lastKnownFileType = text.json; path = Level_9.json; sourceTree = "<group>"; };
		D4552E121C82379500F003D0 /* Chomp.wav */ = {isa = PBXFileReference; lastKnownFileType = audio.wav; path = Chomp.wav; sourceTree = "<group>"; };
		D4552E131C82379500F003D0 /* Clink.mp3 */ = {isa = PBXFileReference; lastKnownFileType = audio.mp3; path = Clink.mp3; sourceTree = "<group>"; };
		D4552E141C82379500F003D0 /* Drip.wav */ = {isa = PBXFileReference; lastKnownFileType = audio.wav; path = Drip.wav; sourceTree = "<group>"; };
		D4552E151C82379500F003D0 /* Error.wav */ = {isa = PBXFileReference; lastKnownFileType = audio.wav; path = Error.wav; sourceTree = "<group>"; };
		D4552E161C82379500F003D0 /* Ka-Ching.wav */ = {isa = PBXFileReference; lastKnownFileType = audio.wav; path = "Ka-Ching.wav"; sourceTree = "<group>"; };
		D4552E171C82379500F003D0 /* Mining by Moonlight.mp3 */ = {isa = PBXFileReference; lastKnownFileType = audio.mp3; path = "Mining by Moonlight.mp3"; sourceTree = "<group>"; };
		D4552E181C82379500F003D0 /* Scrape.wav */ = {isa = PBXFileReference; lastKnownFileType = audio.wav; path = Scrape.wav; sourceTree = "<group>"; };
		D476AE661CCC134A00B7E884 /* vertical_match_example.gif */ = {isa = PBXFileReference; lastKnownFileType = image.gif; path = vertical_match_example.gif; sourceTree = "<group>"; };
		D476AE671CCC134A00B7E884 /* horizontal_match_example.gif */ = {isa = PBXFileReference; lastKnownFileType = image.gif; path = horizontal_match_example.gif; sourceTree = "<group>"; };
		D476AE6A1CCC16F600B7E884 /* moves_left_target_explained.png */ = {isa = PBXFileReference; lastKnownFileType = image.png; path = moves_left_target_explained.png; sourceTree = "<group>"; };
		D476AE6C1CCC1A4400B7E884 /* quit_button.png */ = {isa = PBXFileReference; lastKnownFileType = image.png; path = quit_button.png; sourceTree = "<group>"; };
		D476AE6D1CCC1A4400B7E884 /* hint_button.png */ = {isa = PBXFileReference; lastKnownFileType = image.png; path = hint_button.png; sourceTree = "<group>"; };
		D476AE6E1CCC1A4400B7E884 /* shuffle_button.png */ = {isa = PBXFileReference; lastKnownFileType = image.png; path = shuffle_button.png; sourceTree = "<group>"; };
		D476AE721CCC73AB00B7E884 /* Level_28.json */ = {isa = PBXFileReference; fileEncoding = 4; lastKnownFileType = text.json; path = Level_28.json; sourceTree = "<group>"; };
		D476AE741CCC758300B7E884 /* Level_29.json */ = {isa = PBXFileReference; fileEncoding = 4; lastKnownFileType = text.json; path = Level_29.json; sourceTree = "<group>"; };
		D4DE44FF1C963EF900A6FD9F /* AboutViewController.swift */ = {isa = PBXFileReference; fileEncoding = 4; lastKnownFileType = sourcecode.swift; name = AboutViewController.swift; path = ../AboutViewController.swift; sourceTree = "<group>"; };
		D4DE45021C96426800A6FD9F /* about.html */ = {isa = PBXFileReference; fileEncoding = 4; lastKnownFileType = text.html; path = about.html; sourceTree = "<group>"; };
		D4FB7BB81C82A19600329EFD /* Images.xcassets */ = {isa = PBXFileReference; lastKnownFileType = folder.assetcatalog; path = Images.xcassets; sourceTree = "<group>"; };
		D4FB7BBA1C82ABC000329EFD /* SwitchingViewController.swift */ = {isa = PBXFileReference; fileEncoding = 4; lastKnownFileType = sourcecode.swift; path = SwitchingViewController.swift; sourceTree = "<group>"; };
		D4FB7BBC1C82ABEA00329EFD /* StartViewController.swift */ = {isa = PBXFileReference; fileEncoding = 4; lastKnownFileType = sourcecode.swift; path = StartViewController.swift; sourceTree = "<group>"; };
		D4FB7BBE1C84D38A00329EFD /* Level_21.json */ = {isa = PBXFileReference; fileEncoding = 4; lastKnownFileType = text.json; path = Level_21.json; sourceTree = "<group>"; };
		D4FB7BC01C84D4E500329EFD /* Level_22.json */ = {isa = PBXFileReference; fileEncoding = 4; lastKnownFileType = text.json; path = Level_22.json; sourceTree = "<group>"; };
		D4FB7BC21C84D5A600329EFD /* Level_23.json */ = {isa = PBXFileReference; fileEncoding = 4; lastKnownFileType = text.json; path = Level_23.json; sourceTree = "<group>"; };
		D4FB7BC41C84D60F00329EFD /* Level_24.json */ = {isa = PBXFileReference; fileEncoding = 4; lastKnownFileType = text.json; path = Level_24.json; sourceTree = "<group>"; };
		D4FB7BC61C84D74500329EFD /* Level_25.json */ = {isa = PBXFileReference; fileEncoding = 4; lastKnownFileType = text.json; path = Level_25.json; sourceTree = "<group>"; };
		D4FB7BC81C84D8B100329EFD /* Level_26.json */ = {isa = PBXFileReference; fileEncoding = 4; lastKnownFileType = text.json; path = Level_26.json; sourceTree = "<group>"; };
		D4FB7BCA1C85D81500329EFD /* Level_27.json */ = {isa = PBXFileReference; fileEncoding = 4; lastKnownFileType = text.json; path = Level_27.json; sourceTree = "<group>"; };
/* End PBXFileReference section */

/* Begin PBXFrameworksBuildPhase section */
		D4552DCC1C8234A900F003D0 /* Frameworks */ = {
			isa = PBXFrameworksBuildPhase;
			buildActionMask = 2147483647;
			files = (
			);
			runOnlyForDeploymentPostprocessing = 0;
		};
/* End PBXFrameworksBuildPhase section */

/* Begin PBXGroup section */
		D41FC3691CCBF6CD00DA5909 /* Screens */ = {
			isa = PBXGroup;
			children = (
				D4FB7BBC1C82ABEA00329EFD /* StartViewController.swift */,
				D4552DEE1C82366100F003D0 /* GameViewController.swift */,
				D4DE44FF1C963EF900A6FD9F /* AboutViewController.swift */,
			);
			name = Screens;
			sourceTree = "<group>";
		};
		D41FC36A1CCBF6ED00DA5909 /* View Controllers */ = {
			isa = PBXGroup;
			children = (
				D4FB7BBA1C82ABC000329EFD /* SwitchingViewController.swift */,
				D41FC3691CCBF6CD00DA5909 /* Screens */,
			);
			name = "View Controllers";
			sourceTree = "<group>";
		};
		D41FC36B1CCBF7CF00DA5909 /* Storyboards */ = {
			isa = PBXGroup;
			children = (
				D4552DD61C8234A900F003D0 /* Main.storyboard */,
				D4552DDB1C8234A900F003D0 /* LaunchScreen.storyboard */,
			);
			name = Storyboards;
			sourceTree = "<group>";
		};
		D41FC36C1CCBFABF00DA5909 /* images */ = {
			isa = PBXGroup;
			children = (
				D41FC36D1CCBFACE00DA5909 /* aspirations_winery_logo.png */,
				D476AE661CCC134A00B7E884 /* vertical_match_example.gif */,
				D476AE671CCC134A00B7E884 /* horizontal_match_example.gif */,
				D476AE6A1CCC16F600B7E884 /* moves_left_target_explained.png */,
				D476AE6E1CCC1A4400B7E884 /* shuffle_button.png */,
				D476AE6D1CCC1A4400B7E884 /* hint_button.png */,
				D476AE6C1CCC1A4400B7E884 /* quit_button.png */,
			);
			name = images;
			sourceTree = "<group>";
		};
		D4552DC61C8234A900F003D0 = {
			isa = PBXGroup;
			children = (
				D4552DD11C8234A900F003D0 /* Wine Crush */,
				D4552DD01C8234A900F003D0 /* Products */,
			);
			sourceTree = "<group>";
		};
		D4552DD01C8234A900F003D0 /* Products */ = {
			isa = PBXGroup;
			children = (
				D4552DCF1C8234A900F003D0 /* Wine Crush.app */,
			);
			name = Products;
			sourceTree = "<group>";
		};
		D4552DD11C8234A900F003D0 /* Wine Crush */ = {
			isa = PBXGroup;
			children = (
				D41FC36B1CCBF7CF00DA5909 /* Storyboards */,
				D41FC36A1CCBF6ED00DA5909 /* View Controllers */,
				D4552DE41C82363000F003D0 /* Array2D.swift */,
				D4552DE61C82363900F003D0 /* Chain.swift */,
				D4552DE81C82364100F003D0 /* Cookie.swift */,
				D4552DEA1C82364A00F003D0 /* Extensions.swift */,
				D4552DEC1C82365500F003D0 /* GameScene.swift */,
				D4552DF01C82366B00F003D0 /* Level.swift */,
				D4552DF21C82369900F003D0 /* Swap.swift */,
				D4552DF41C8236A300F003D0 /* Tile.swift */,
				D4FB7BB81C82A19600329EFD /* Images.xcassets */,
				D4552DF61C82375F00F003D0 /* Grid.atlas */,
				D4552DF71C82375F00F003D0 /* Sprites.atlas */,
				D4552DFC1C82379500F003D0 /* Levels */,
				D4552E111C82379500F003D0 /* Sounds */,
				D4DE45011C96423B00A6FD9F /* About web page */,
				D4552DDE1C8234A900F003D0 /* Info.plist */,
				D4552DD21C8234A900F003D0 /* AppDelegate.swift */,
			);
			path = "Wine Crush";
			sourceTree = "<group>";
		};
		D4552DFC1C82379500F003D0 /* Levels */ = {
			isa = PBXGroup;
			children = (
				D4552DFD1C82379500F003D0 /* Level_1.json */,
				D4552E081C82379500F003D0 /* Level_2.json */,
				D4552E0A1C82379500F003D0 /* Level_3.json */,
				D4552E0B1C82379500F003D0 /* Level_4.json */,
				D4552E0C1C82379500F003D0 /* Level_5.json */,
				D4552E0D1C82379500F003D0 /* Level_6.json */,
				D4552E0E1C82379500F003D0 /* Level_7.json */,
				D4552E0F1C82379500F003D0 /* Level_8.json */,
				D4552E101C82379500F003D0 /* Level_9.json */,
				D4552DFE1C82379500F003D0 /* Level_10.json */,
				D4552DFF1C82379500F003D0 /* Level_11.json */,
				D4552E001C82379500F003D0 /* Level_12.json */,
				D4552E011C82379500F003D0 /* Level_13.json */,
				D4552E021C82379500F003D0 /* Level_14.json */,
				D4552E031C82379500F003D0 /* Level_15.json */,
				D4552E041C82379500F003D0 /* Level_16.json */,
				D4552E051C82379500F003D0 /* Level_17.json */,
				D4552E061C82379500F003D0 /* Level_18.json */,
				D4552E071C82379500F003D0 /* Level_19.json */,
				D4552E091C82379500F003D0 /* Level_20.json */,
				D4FB7BBE1C84D38A00329EFD /* Level_21.json */,
				D4FB7BC01C84D4E500329EFD /* Level_22.json */,
				D4FB7BC21C84D5A600329EFD /* Level_23.json */,
				D4FB7BC41C84D60F00329EFD /* Level_24.json */,
				D4FB7BC61C84D74500329EFD /* Level_25.json */,
				D4FB7BC81C84D8B100329EFD /* Level_26.json */,
				D4FB7BCA1C85D81500329EFD /* Level_27.json */,
				D476AE721CCC73AB00B7E884 /* Level_28.json */,
				D476AE741CCC758300B7E884 /* Level_29.json */,
			);
			path = Levels;
			sourceTree = "<group>";
		};
		D4552E111C82379500F003D0 /* Sounds */ = {
			isa = PBXGroup;
			children = (
				D4552E121C82379500F003D0 /* Chomp.wav */,
				D4552E131C82379500F003D0 /* Clink.mp3 */,
				D4552E141C82379500F003D0 /* Drip.wav */,
				D4552E151C82379500F003D0 /* Error.wav */,
				D4552E161C82379500F003D0 /* Ka-Ching.wav */,
				D4552E171C82379500F003D0 /* Mining by Moonlight.mp3 */,
				D4552E181C82379500F003D0 /* Scrape.wav */,
			);
			path = Sounds;
			sourceTree = "<group>";
		};
		D4DE45011C96423B00A6FD9F /* About web page */ = {
			isa = PBXGroup;
			children = (
				D4DE45021C96426800A6FD9F /* about.html */,
				D41FC36F1CCBFE6C00DA5909 /* about_wine_crush.png */,
				D41FC36C1CCBFABF00DA5909 /* images */,
			);
			name = "About web page";
			sourceTree = "<group>";
		};
/* End PBXGroup section */

/* Begin PBXNativeTarget section */
		D4552DCE1C8234A900F003D0 /* Wine Crush */ = {
			isa = PBXNativeTarget;
			buildConfigurationList = D4552DE11C8234A900F003D0 /* Build configuration list for PBXNativeTarget "Wine Crush" */;
			buildPhases = (
				D4552DCB1C8234A900F003D0 /* Sources */,
				D4552DCC1C8234A900F003D0 /* Frameworks */,
				D4552DCD1C8234A900F003D0 /* Resources */,
			);
			buildRules = (
			);
			dependencies = (
			);
			name = "Wine Crush";
			productName = "Wine Crush";
			productReference = D4552DCF1C8234A900F003D0 /* Wine Crush.app */;
			productType = "com.apple.product-type.application";
		};
/* End PBXNativeTarget section */

/* Begin PBXProject section */
		D4552DC71C8234A900F003D0 /* Project object */ = {
			isa = PBXProject;
			attributes = {
				LastSwiftUpdateCheck = 0720;
				LastUpgradeCheck = 0720;
				ORGANIZATIONNAME = "Joey deVilla";
				TargetAttributes = {
					D4552DCE1C8234A900F003D0 = {
						CreatedOnToolsVersion = 7.2.1;
						DevelopmentTeam = EFL9LXPU8S;
					};
				};
			};
			buildConfigurationList = D4552DCA1C8234A900F003D0 /* Build configuration list for PBXProject "Wine Crush" */;
			compatibilityVersion = "Xcode 3.2";
			developmentRegion = English;
			hasScannedForEncodings = 0;
			knownRegions = (
				en,
				Base,
			);
			mainGroup = D4552DC61C8234A900F003D0;
			productRefGroup = D4552DD01C8234A900F003D0 /* Products */;
			projectDirPath = "";
			projectRoot = "";
			targets = (
				D4552DCE1C8234A900F003D0 /* Wine Crush */,
			);
		};
/* End PBXProject section */

/* Begin PBXResourcesBuildPhase section */
		D4552DCD1C8234A900F003D0 /* Resources */ = {
			isa = PBXResourcesBuildPhase;
			buildActionMask = 2147483647;
			files = (
				D4552E2E1C82379500F003D0 /* Clink.mp3 in Resources */,
				D4FB7BB91C82A19600329EFD /* Images.xcassets in Resources */,
				D4552E191C82379500F003D0 /* Level_1.json in Resources */,
				D4552E2B1C82379500F003D0 /* Level_8.json in Resources */,
				D4552E321C82379500F003D0 /* Mining by Moonlight.mp3 in Resources */,
				D4552E241C82379500F003D0 /* Level_2.json in Resources */,
				D4552E231C82379500F003D0 /* Level_19.json in Resources */,
				D4552E1D1C82379500F003D0 /* Level_13.json in Resources */,
				D4DE45031C96426800A6FD9F /* about.html in Resources */,
				D4FB7BC71C84D74500329EFD /* Level_25.json in Resources */,
				D476AE681CCC134A00B7E884 /* vertical_match_example.gif in Resources */,
				D4552E211C82379500F003D0 /* Level_17.json in Resources */,
				D4552DDD1C8234A900F003D0 /* LaunchScreen.storyboard in Resources */,
				D476AE711CCC1A4400B7E884 /* shuffle_button.png in Resources */,
				D4552E261C82379500F003D0 /* Level_3.json in Resources */,
				D4552E301C82379500F003D0 /* Error.wav in Resources */,
				D4552E291C82379500F003D0 /* Level_6.json in Resources */,
				D4552E221C82379500F003D0 /* Level_18.json in Resources */,
				D4FB7BC51C84D60F00329EFD /* Level_24.json in Resources */,
				D4552E2A1C82379500F003D0 /* Level_7.json in Resources */,
				D41FC3701CCBFE6C00DA5909 /* about_wine_crush.png in Resources */,
				D4FB7BCB1C85D81500329EFD /* Level_27.json in Resources */,
				D4552DD81C8234A900F003D0 /* Main.storyboard in Resources */,
				D4552E311C82379500F003D0 /* Ka-Ching.wav in Resources */,
				D4FB7BBF1C84D38A00329EFD /* Level_21.json in Resources */,
				D4552E271C82379500F003D0 /* Level_4.json in Resources */,
				D4552E201C82379500F003D0 /* Level_16.json in Resources */,
				D4552E1E1C82379500F003D0 /* Level_14.json in Resources */,
				D41FC36E1CCBFACE00DA5909 /* aspirations_winery_logo.png in Resources */,
				D476AE6F1CCC1A4400B7E884 /* quit_button.png in Resources */,
				D4552E2D1C82379500F003D0 /* Chomp.wav in Resources */,
				D4FB7BC31C84D5A600329EFD /* Level_23.json in Resources */,
				D4552E2F1C82379500F003D0 /* Drip.wav in Resources */,
				D4552E1F1C82379500F003D0 /* Level_15.json in Resources */,
				D4552E2C1C82379500F003D0 /* Level_9.json in Resources */,
				D4552E251C82379500F003D0 /* Level_20.json in Resources */,
				D4552E331C82379500F003D0 /* Scrape.wav in Resources */,
				D476AE6B1CCC16F600B7E884 /* moves_left_target_explained.png in Resources */,
				D4552E281C82379500F003D0 /* Level_5.json in Resources */,
				D4552E1B1C82379500F003D0 /* Level_11.json in Resources */,
				D476AE731CCC73AB00B7E884 /* Level_28.json in Resources */,
				D4FB7BC91C84D8B100329EFD /* Level_26.json in Resources */,
				D4552E1A1C82379500F003D0 /* Level_10.json in Resources */,
				D4552E1C1C82379500F003D0 /* Level_12.json in Resources */,
				D4552DF91C82375F00F003D0 /* Grid.atlas in Resources */,
				D476AE691CCC134A00B7E884 /* horizontal_match_example.gif in Resources */,
				D4FB7BC11C84D4E500329EFD /* Level_22.json in Resources */,
				D476AE751CCC758300B7E884 /* Level_29.json in Resources */,
				D476AE701CCC1A4400B7E884 /* hint_button.png in Resources */,
				D4552DFA1C82375F00F003D0 /* Sprites.atlas in Resources */,
			);
			runOnlyForDeploymentPostprocessing = 0;
		};
/* End PBXResourcesBuildPhase section */

/* Begin PBXSourcesBuildPhase section */
		D4552DCB1C8234A900F003D0 /* Sources */ = {
			isa = PBXSourcesBuildPhase;
			buildActionMask = 2147483647;
			files = (
				D4552DEF1C82366100F003D0 /* GameViewController.swift in Sources */,
				D4552DED1C82365500F003D0 /* GameScene.swift in Sources */,
				D4552DEB1C82364A00F003D0 /* Extensions.swift in Sources */,
				D4552DE71C82363900F003D0 /* Chain.swift in Sources */,
				D4552DE91C82364100F003D0 /* Cookie.swift in Sources */,
				D4FB7BBD1C82ABEA00329EFD /* StartViewController.swift in Sources */,
				D4552DD31C8234A900F003D0 /* AppDelegate.swift in Sources */,
				D4552DF11C82366B00F003D0 /* Level.swift in Sources */,
				D4552DF51C8236A300F003D0 /* Tile.swift in Sources */,
				D4552DE51C82363000F003D0 /* Array2D.swift in Sources */,
				D4FB7BBB1C82ABC000329EFD /* SwitchingViewController.swift in Sources */,
				D4DE45001C963EF900A6FD9F /* AboutViewController.swift in Sources */,
				D4552DF31C82369900F003D0 /* Swap.swift in Sources */,
			);
			runOnlyForDeploymentPostprocessing = 0;
		};
/* End PBXSourcesBuildPhase section */

/* Begin PBXVariantGroup section */
		D4552DD61C8234A900F003D0 /* Main.storyboard */ = {
			isa = PBXVariantGroup;
			children = (
				D4552DD71C8234A900F003D0 /* Base */,
			);
			name = Main.storyboard;
			sourceTree = "<group>";
		};
		D4552DDB1C8234A900F003D0 /* LaunchScreen.storyboard */ = {
			isa = PBXVariantGroup;
			children = (
				D4552DDC1C8234A900F003D0 /* Base */,
			);
			name = LaunchScreen.storyboard;
			sourceTree = "<group>";
		};
/* End PBXVariantGroup section */

/* Begin XCBuildConfiguration section */
		D4552DDF1C8234A900F003D0 /* Debug */ = {
			isa = XCBuildConfiguration;
			buildSettings = {
				ALWAYS_SEARCH_USER_PATHS = NO;
				CLANG_CXX_LANGUAGE_STANDARD = "gnu++0x";
				CLANG_CXX_LIBRARY = "libc++";
				CLANG_ENABLE_MODULES = YES;
				CLANG_ENABLE_OBJC_ARC = YES;
				CLANG_WARN_BOOL_CONVERSION = YES;
				CLANG_WARN_CONSTANT_CONVERSION = YES;
				CLANG_WARN_DIRECT_OBJC_ISA_USAGE = YES_ERROR;
				CLANG_WARN_EMPTY_BODY = YES;
				CLANG_WARN_ENUM_CONVERSION = YES;
				CLANG_WARN_INT_CONVERSION = YES;
				CLANG_WARN_OBJC_ROOT_CLASS = YES_ERROR;
				CLANG_WARN_UNREACHABLE_CODE = YES;
				CLANG_WARN__DUPLICATE_METHOD_MATCH = YES;
				"CODE_SIGN_IDENTITY[sdk=iphoneos*]" = "iPhone Developer";
				COPY_PHASE_STRIP = NO;
				DEBUG_INFORMATION_FORMAT = dwarf;
				ENABLE_STRICT_OBJC_MSGSEND = YES;
				ENABLE_TESTABILITY = YES;
				GCC_C_LANGUAGE_STANDARD = gnu99;
				GCC_DYNAMIC_NO_PIC = NO;
				GCC_NO_COMMON_BLOCKS = YES;
				GCC_OPTIMIZATION_LEVEL = 0;
				GCC_PREPROCESSOR_DEFINITIONS = (
					"DEBUG=1",
					"$(inherited)",
				);
				GCC_WARN_64_TO_32_BIT_CONVERSION = YES;
				GCC_WARN_ABOUT_RETURN_TYPE = YES_ERROR;
				GCC_WARN_UNDECLARED_SELECTOR = YES;
				GCC_WARN_UNINITIALIZED_AUTOS = YES_AGGRESSIVE;
				GCC_WARN_UNUSED_FUNCTION = YES;
				GCC_WARN_UNUSED_VARIABLE = YES;
				IPHONEOS_DEPLOYMENT_TARGET = 9.2;
				MTL_ENABLE_DEBUG_INFO = YES;
				ONLY_ACTIVE_ARCH = YES;
				SDKROOT = iphoneos;
				SWIFT_OPTIMIZATION_LEVEL = "-Onone";
				TARGETED_DEVICE_FAMILY = "1,2";
			};
			name = Debug;
		};
		D4552DE01C8234A900F003D0 /* Release */ = {
			isa = XCBuildConfiguration;
			buildSettings = {
				ALWAYS_SEARCH_USER_PATHS = NO;
				CLANG_CXX_LANGUAGE_STANDARD = "gnu++0x";
				CLANG_CXX_LIBRARY = "libc++";
				CLANG_ENABLE_MODULES = YES;
				CLANG_ENABLE_OBJC_ARC = YES;
				CLANG_WARN_BOOL_CONVERSION = YES;
				CLANG_WARN_CONSTANT_CONVERSION = YES;
				CLANG_WARN_DIRECT_OBJC_ISA_USAGE = YES_ERROR;
				CLANG_WARN_EMPTY_BODY = YES;
				CLANG_WARN_ENUM_CONVERSION = YES;
				CLANG_WARN_INT_CONVERSION = YES;
				CLANG_WARN_OBJC_ROOT_CLASS = YES_ERROR;
				CLANG_WARN_UNREACHABLE_CODE = YES;
				CLANG_WARN__DUPLICATE_METHOD_MATCH = YES;
				"CODE_SIGN_IDENTITY[sdk=iphoneos*]" = "iPhone Developer";
				COPY_PHASE_STRIP = NO;
				DEBUG_INFORMATION_FORMAT = "dwarf-with-dsym";
				ENABLE_NS_ASSERTIONS = NO;
				ENABLE_STRICT_OBJC_MSGSEND = YES;
				GCC_C_LANGUAGE_STANDARD = gnu99;
				GCC_NO_COMMON_BLOCKS = YES;
				GCC_WARN_64_TO_32_BIT_CONVERSION = YES;
				GCC_WARN_ABOUT_RETURN_TYPE = YES_ERROR;
				GCC_WARN_UNDECLARED_SELECTOR = YES;
				GCC_WARN_UNINITIALIZED_AUTOS = YES_AGGRESSIVE;
				GCC_WARN_UNUSED_FUNCTION = YES;
				GCC_WARN_UNUSED_VARIABLE = YES;
				IPHONEOS_DEPLOYMENT_TARGET = 9.2;
				MTL_ENABLE_DEBUG_INFO = NO;
				SDKROOT = iphoneos;
				TARGETED_DEVICE_FAMILY = "1,2";
				VALIDATE_PRODUCT = YES;
			};
			name = Release;
		};
		D4552DE21C8234A900F003D0 /* Debug */ = {
			isa = XCBuildConfiguration;
			buildSettings = {
				ASSETCATALOG_COMPILER_APPICON_NAME = AppIcon;
				CODE_SIGN_IDENTITY = "iPhone Developer";
				"CODE_SIGN_IDENTITY[sdk=iphoneos*]" = "iPhone Developer";
				INFOPLIST_FILE = "Wine Crush/Info.plist";
				IPHONEOS_DEPLOYMENT_TARGET = 9.0;
				LD_RUNPATH_SEARCH_PATHS = "$(inherited) @executable_path/Frameworks";
				PRODUCT_BUNDLE_IDENTIFIER = "globalnerdy.com.Wine-Crush";
				PRODUCT_NAME = "$(TARGET_NAME)";
				PROVISIONING_PROFILE = "";
				TARGETED_DEVICE_FAMILY = 1;
			};
			name = Debug;
		};
		D4552DE31C8234A900F003D0 /* Release */ = {
			isa = XCBuildConfiguration;
			buildSettings = {
				ASSETCATALOG_COMPILER_APPICON_NAME = AppIcon;
				CODE_SIGN_IDENTITY = "iPhone Developer";
				"CODE_SIGN_IDENTITY[sdk=iphoneos*]" = "iPhone Developer";
				INFOPLIST_FILE = "Wine Crush/Info.plist";
				IPHONEOS_DEPLOYMENT_TARGET = 9.0;
				LD_RUNPATH_SEARCH_PATHS = "$(inherited) @executable_path/Frameworks";
				PRODUCT_BUNDLE_IDENTIFIER = "globalnerdy.com.Wine-Crush";
				PRODUCT_NAME = "$(TARGET_NAME)";
				PROVISIONING_PROFILE = "";
				TARGETED_DEVICE_FAMILY = 1;
			};
			name = Release;
		};
/* End XCBuildConfiguration section */

/* Begin XCConfigurationList section */
		D4552DCA1C8234A900F003D0 /* Build configuration list for PBXProject "Wine Crush" */ = {
			isa = XCConfigurationList;
			buildConfigurations = (
				D4552DDF1C8234A900F003D0 /* Debug */,
				D4552DE01C8234A900F003D0 /* Release */,
			);
			defaultConfigurationIsVisible = 0;
			defaultConfigurationName = Release;
		};
		D4552DE11C8234A900F003D0 /* Build configuration list for PBXNativeTarget "Wine Crush" */ = {
			isa = XCConfigurationList;
			buildConfigurations = (
				D4552DE21C8234A900F003D0 /* Debug */,
				D4552DE31C8234A900F003D0 /* Release */,
			);
			defaultConfigurationIsVisible = 0;
			defaultConfigurationName = Release;
		};
/* End XCConfigurationList section */
	};
	rootObject = D4552DC71C8234A900F003D0 /* Project object */;
}
